
Microsoft Visual Studio Solution File, Format Version 12.00
# Visual Studio Version 16
VisualStudioVersion = 16.0.30204.135
MinimumVisualStudioVersion = 10.0.40219.1
Project("{FAE04EC0-301F-11D3-BF4B-00C04F79EFBC}") = "Varsity_Project", "Varsity_Project\Varsity_Project.csproj", "{0C4CB1CA-5264-421E-80D7-E48CA85C4010}"
EndProject
Global
	GlobalSection(SolutionConfigurationPlatforms) = preSolution
		Debug|Any CPU = Debug|Any CPU
		Release|Any CPU = Release|Any CPU
	EndGlobalSection
	GlobalSection(ProjectConfigurationPlatforms) = postSolution
		{0C4CB1CA-5264-421E-80D7-E48CA85C4010}.Debug|Any CPU.ActiveCfg = Debug|Any CPU
		{0C4CB1CA-5264-421E-80D7-E48CA85C4010}.Debug|Any CPU.Build.0 = Debug|Any CPU
		{0C4CB1CA-5264-421E-80D7-E48CA85C4010}.Release|Any CPU.ActiveCfg = Release|Any CPU
		{0C4CB1CA-5264-421E-80D7-E48CA85C4010}.Release|Any CPU.Build.0 = Release|Any CPU
	EndGlobalSection
	GlobalSection(SolutionProperties) = preSolution
		HideSolutionNode = FALSE
	EndGlobalSection
	GlobalSection(ExtensibilityGlobals) = postSolution
		SolutionGuid = {119ED136-1FE0-4B8E-8C88-F392E80274BB}
	EndGlobalSection
EndGlobal
